
Microsoft Visual Studio Solution File, Format Version 12.00
# Visual Studio Version 16
VisualStudioVersion = 16.0.28803.352
MinimumVisualStudioVersion = 10.0.40219.1
Project("{FAE04EC0-301F-11D3-BF4B-00C04F79EFBC}") = "Parcial1-WalderReyes", "Parcial1-WalderReyes.csproj", "{3EE96994-71C8-4DF7-9539-DAF031073EE9}"
EndProject
Global
	GlobalSection(SolutionConfigurationPlatforms) = preSolution
		Debug|Any CPU = Debug|Any CPU
		Release|Any CPU = Release|Any CPU
	EndGlobalSection
	GlobalSection(ProjectConfigurationPlatforms) = postSolution
		{3EE96994-71C8-4DF7-9539-DAF031073EE9}.Debug|Any CPU.ActiveCfg = Debug|Any CPU
		{3EE96994-71C8-4DF7-9539-DAF031073EE9}.Debug|Any CPU.Build.0 = Debug|Any CPU
		{3EE96994-71C8-4DF7-9539-DAF031073EE9}.Release|Any CPU.ActiveCfg = Release|Any CPU
		{3EE96994-71C8-4DF7-9539-DAF031073EE9}.Release|Any CPU.Build.0 = Release|Any CPU
	EndGlobalSection
	GlobalSection(SolutionProperties) = preSolution
		HideSolutionNode = FALSE
	EndGlobalSection
	GlobalSection(ExtensibilityGlobals) = postSolution
		SolutionGuid = {8392D7E9-6007-4D53-8836-B74FFDFA01E6}
	EndGlobalSection
EndGlobal
